
Microsoft Visual Studio Solution File, Format Version 12.00
# Visual Studio Version 17
VisualStudioVersion = 17.0.32112.339
MinimumVisualStudioVersion = 10.0.40219.1
Project("{9A19103F-16F7-4668-BE54-9A1E7A4F7556}") = "MovieLibrary", "MovieLibrary\MovieLibrary.csproj", "{DF142E4E-2F09-414F-AB78-651FA56016AA}"
EndProject
Project("{9A19103F-16F7-4668-BE54-9A1E7A4F7556}") = "MovieLibrary.UnitTest", "MovieLibrary.UnitTest\MovieLibrary.UnitTest.csproj", "{0AE34610-633E-4371-BE69-026287B39302}"
EndProject
Global
	GlobalSection(SolutionConfigurationPlatforms) = preSolution
		Debug|Any CPU = Debug|Any CPU
		Release|Any CPU = Release|Any CPU
	EndGlobalSection
	GlobalSection(ProjectConfigurationPlatforms) = postSolution
		{DF142E4E-2F09-414F-AB78-651FA56016AA}.Debug|Any CPU.ActiveCfg = Debug|Any CPU
		{DF142E4E-2F09-414F-AB78-651FA56016AA}.Debug|Any CPU.Build.0 = Debug|Any CPU
		{DF142E4E-2F09-414F-AB78-651FA56016AA}.Release|Any CPU.ActiveCfg = Release|Any CPU
		{DF142E4E-2F09-414F-AB78-651FA56016AA}.Release|Any CPU.Build.0 = Release|Any CPU
		{0AE34610-633E-4371-BE69-026287B39302}.Debug|Any CPU.ActiveCfg = Debug|Any CPU
		{0AE34610-633E-4371-BE69-026287B39302}.Debug|Any CPU.Build.0 = Debug|Any CPU
		{0AE34610-633E-4371-BE69-026287B39302}.Release|Any CPU.ActiveCfg = Release|Any CPU
		{0AE34610-633E-4371-BE69-026287B39302}.Release|Any CPU.Build.0 = Release|Any CPU
	EndGlobalSection
	GlobalSection(SolutionProperties) = preSolution
		HideSolutionNode = FALSE
	EndGlobalSection
	GlobalSection(ExtensibilityGlobals) = postSolution
		SolutionGuid = {C3FFE08A-F45D-4764-B410-760A768252C1}
	EndGlobalSection
EndGlobal
